id: ds_author_block
label: 'DS Author Block'
ui_limit: "story|header_layout\r\nstory|featured"
properties:
  block: 'views_block:story_author-block_1'
  use_block_title: true
  add_block_wrappers: true
  config:
    id: 'views_block:story_author-block_1'
    label: ''
    provider: views
    label_display: visible
    views_label: ''
    items_per_page: none
type: block
type_label: 'Block field'
entities:
  node: node
